// !$*UTF8*$!
{
	archiveVersion = 1;
	classes = {
	};
	objectVersion = 46;
	objects = {

/* Begin PBXBuildFile section */
		DF1D76B21E474831000947E3 /* BookViewController.swift in Sources */ = {isa = PBXBuildFile; fileRef = DF1D76B01E474831000947E3 /* BookViewController.swift */; };
		DF1D76B31E474831000947E3 /* BookViewController.xib in Resources */ = {isa = PBXBuildFile; fileRef = DF1D76B11E474831000947E3 /* BookViewController.xib */; };
		DF1D76B51E475989000947E3 /* Tag.swift in Sources */ = {isa = PBXBuildFile; fileRef = DF1D76B41E475989000947E3 /* Tag.swift */; };
		DF1D76BC1E47AE1D000947E3 /* ic_favorite_2x.png in Resources */ = {isa = PBXBuildFile; fileRef = DF1D76B61E47AE1D000947E3 /* ic_favorite_2x.png */; };
		DF1D76BD1E47AE1D000947E3 /* ic_favorite_3x.png in Resources */ = {isa = PBXBuildFile; fileRef = DF1D76B71E47AE1D000947E3 /* ic_favorite_3x.png */; };
		DF1D76BE1E47AE1D000947E3 /* ic_favorite_border_2x.png in Resources */ = {isa = PBXBuildFile; fileRef = DF1D76B81E47AE1D000947E3 /* ic_favorite_border_2x.png */; };
		DF1D76BF1E47AE1D000947E3 /* ic_favorite_border_3x.png in Resources */ = {isa = PBXBuildFile; fileRef = DF1D76B91E47AE1D000947E3 /* ic_favorite_border_3x.png */; };
		DF1D76C01E47AE1D000947E3 /* ic_favorite_border.png in Resources */ = {isa = PBXBuildFile; fileRef = DF1D76BA1E47AE1D000947E3 /* ic_favorite_border.png */; };
		DF1D76C11E47AE1D000947E3 /* ic_favorite.png in Resources */ = {isa = PBXBuildFile; fileRef = DF1D76BB1E47AE1D000947E3 /* ic_favorite.png */; };
		DF21DD7E1E45DB4F002D547C /* Books.swift in Sources */ = {isa = PBXBuildFile; fileRef = DF21DD7D1E45DB4F002D547C /* Books.swift */; };
		DF21DD801E45E0B5002D547C /* Errors.swift in Sources */ = {isa = PBXBuildFile; fileRef = DF21DD7F1E45E0B5002D547C /* Errors.swift */; };
		DF21DD821E45E23F002D547C /* JSONProcessing.swift in Sources */ = {isa = PBXBuildFile; fileRef = DF21DD811E45E23F002D547C /* JSONProcessing.swift */; };
		DF21DD841E45E9CE002D547C /* FoundationExtensions.swift in Sources */ = {isa = PBXBuildFile; fileRef = DF21DD831E45E9CE002D547C /* FoundationExtensions.swift */; };
		DF21DD871E460E73002D547C /* AsyncData.swift in Sources */ = {isa = PBXBuildFile; fileRef = DF21DD851E460E73002D547C /* AsyncData.swift */; };
		DF21DD881E460E73002D547C /* MultiDictionary.swift in Sources */ = {isa = PBXBuildFile; fileRef = DF21DD861E460E73002D547C /* MultiDictionary.swift */; };
		DF21DD8A1E460F8D002D547C /* Library.swift in Sources */ = {isa = PBXBuildFile; fileRef = DF21DD891E460F8D002D547C /* Library.swift */; };
		DF21DD901E464312002D547C /* LibraryTableViewController.swift in Sources */ = {isa = PBXBuildFile; fileRef = DF21DD8E1E464312002D547C /* LibraryTableViewController.swift */; };
		DF21DD951E46498D002D547C /* HackerBooks-BookIcon.png in Resources */ = {isa = PBXBuildFile; fileRef = DF21DD941E46498D002D547C /* HackerBooks-BookIcon.png */; };
		DFED9F041E452428000C1FBB /* AppDelegate.swift in Sources */ = {isa = PBXBuildFile; fileRef = DFED9F031E452428000C1FBB /* AppDelegate.swift */; };
		DFED9F061E452428000C1FBB /* ViewController.swift in Sources */ = {isa = PBXBuildFile; fileRef = DFED9F051E452428000C1FBB /* ViewController.swift */; };
		DFED9F091E452428000C1FBB /* Main.storyboard in Resources */ = {isa = PBXBuildFile; fileRef = DFED9F071E452428000C1FBB /* Main.storyboard */; };
		DFED9F0C1E452428000C1FBB /* HackerBooks.xcdatamodeld in Sources */ = {isa = PBXBuildFile; fileRef = DFED9F0A1E452428000C1FBB /* HackerBooks.xcdatamodeld */; };
		DFED9F0E1E452428000C1FBB /* Assets.xcassets in Resources */ = {isa = PBXBuildFile; fileRef = DFED9F0D1E452428000C1FBB /* Assets.xcassets */; };
		DFED9F111E452428000C1FBB /* LaunchScreen.storyboard in Resources */ = {isa = PBXBuildFile; fileRef = DFED9F0F1E452428000C1FBB /* LaunchScreen.storyboard */; };
/* End PBXBuildFile section */

/* Begin PBXFileReference section */
		DF1D76B01E474831000947E3 /* BookViewController.swift */ = {isa = PBXFileReference; fileEncoding = 4; lastKnownFileType = sourcecode.swift; path = BookViewController.swift; sourceTree = "<group>"; };
		DF1D76B11E474831000947E3 /* BookViewController.xib */ = {isa = PBXFileReference; fileEncoding = 4; lastKnownFileType = file.xib; path = BookViewController.xib; sourceTree = "<group>"; };
		DF1D76B41E475989000947E3 /* Tag.swift */ = {isa = PBXFileReference; fileEncoding = 4; lastKnownFileType = sourcecode.swift; path = Tag.swift; sourceTree = "<group>"; };
		DF1D76B61E47AE1D000947E3 /* ic_favorite_2x.png */ = {isa = PBXFileReference; lastKnownFileType = image.png; path = ic_favorite_2x.png; sourceTree = "<group>"; };
		DF1D76B71E47AE1D000947E3 /* ic_favorite_3x.png */ = {isa = PBXFileReference; lastKnownFileType = image.png; path = ic_favorite_3x.png; sourceTree = "<group>"; };
		DF1D76B81E47AE1D000947E3 /* ic_favorite_border_2x.png */ = {isa = PBXFileReference; lastKnownFileType = image.png; path = ic_favorite_border_2x.png; sourceTree = "<group>"; };
		DF1D76B91E47AE1D000947E3 /* ic_favorite_border_3x.png */ = {isa = PBXFileReference; lastKnownFileType = image.png; path = ic_favorite_border_3x.png; sourceTree = "<group>"; };
		DF1D76BA1E47AE1D000947E3 /* ic_favorite_border.png */ = {isa = PBXFileReference; lastKnownFileType = image.png; path = ic_favorite_border.png; sourceTree = "<group>"; };
		DF1D76BB1E47AE1D000947E3 /* ic_favorite.png */ = {isa = PBXFileReference; lastKnownFileType = image.png; path = ic_favorite.png; sourceTree = "<group>"; };
		DF21DD7D1E45DB4F002D547C /* Books.swift */ = {isa = PBXFileReference; fileEncoding = 4; lastKnownFileType = sourcecode.swift; path = Books.swift; sourceTree = "<group>"; };
		DF21DD7F1E45E0B5002D547C /* Errors.swift */ = {isa = PBXFileReference; fileEncoding = 4; lastKnownFileType = sourcecode.swift; path = Errors.swift; sourceTree = "<group>"; };
		DF21DD811E45E23F002D547C /* JSONProcessing.swift */ = {isa = PBXFileReference; fileEncoding = 4; lastKnownFileType = sourcecode.swift; path = JSONProcessing.swift; sourceTree = "<group>"; };
		DF21DD831E45E9CE002D547C /* FoundationExtensions.swift */ = {isa = PBXFileReference; fileEncoding = 4; lastKnownFileType = sourcecode.swift; path = FoundationExtensions.swift; sourceTree = "<group>"; };
		DF21DD851E460E73002D547C /* AsyncData.swift */ = {isa = PBXFileReference; fileEncoding = 4; lastKnownFileType = sourcecode.swift; path = AsyncData.swift; sourceTree = "<group>"; };
		DF21DD861E460E73002D547C /* MultiDictionary.swift */ = {isa = PBXFileReference; fileEncoding = 4; lastKnownFileType = sourcecode.swift; path = MultiDictionary.swift; sourceTree = "<group>"; };
		DF21DD891E460F8D002D547C /* Library.swift */ = {isa = PBXFileReference; fileEncoding = 4; lastKnownFileType = sourcecode.swift; path = Library.swift; sourceTree = "<group>"; };
		DF21DD8E1E464312002D547C /* LibraryTableViewController.swift */ = {isa = PBXFileReference; fileEncoding = 4; lastKnownFileType = sourcecode.swift; path = LibraryTableViewController.swift; sourceTree = "<group>"; };
		DF21DD941E46498D002D547C /* HackerBooks-BookIcon.png */ = {isa = PBXFileReference; lastKnownFileType = image.png; path = "HackerBooks-BookIcon.png"; sourceTree = "<group>"; };
		DFED9F001E452427000C1FBB /* HackerBooks.app */ = {isa = PBXFileReference; explicitFileType = wrapper.application; includeInIndex = 0; path = HackerBooks.app; sourceTree = BUILT_PRODUCTS_DIR; };
		DFED9F031E452428000C1FBB /* AppDelegate.swift */ = {isa = PBXFileReference; lastKnownFileType = sourcecode.swift; path = AppDelegate.swift; sourceTree = "<group>"; };
		DFED9F051E452428000C1FBB /* ViewController.swift */ = {isa = PBXFileReference; lastKnownFileType = sourcecode.swift; path = ViewController.swift; sourceTree = "<group>"; };
		DFED9F081E452428000C1FBB /* Base */ = {isa = PBXFileReference; lastKnownFileType = file.storyboard; name = Base; path = Base.lproj/Main.storyboard; sourceTree = "<group>"; };
		DFED9F0B1E452428000C1FBB /* HackerBooks.xcdatamodel */ = {isa = PBXFileReference; lastKnownFileType = wrapper.xcdatamodel; path = HackerBooks.xcdatamodel; sourceTree = "<group>"; };
		DFED9F0D1E452428000C1FBB /* Assets.xcassets */ = {isa = PBXFileReference; lastKnownFileType = folder.assetcatalog; path = Assets.xcassets; sourceTree = "<group>"; };
		DFED9F101E452428000C1FBB /* Base */ = {isa = PBXFileReference; lastKnownFileType = file.storyboard; name = Base; path = Base.lproj/LaunchScreen.storyboard; sourceTree = "<group>"; };
		DFED9F121E452428000C1FBB /* Info.plist */ = {isa = PBXFileReference; lastKnownFileType = text.plist.xml; path = Info.plist; sourceTree = "<group>"; };
/* End PBXFileReference section */

/* Begin PBXFrameworksBuildPhase section */
		DFED9EFD1E452427000C1FBB /* Frameworks */ = {
			isa = PBXFrameworksBuildPhase;
			buildActionMask = 2147483647;
			files = (
			);
			runOnlyForDeploymentPostprocessing = 0;
		};
/* End PBXFrameworksBuildPhase section */

/* Begin PBXGroup section */
		DFED9EF71E452427000C1FBB = {
			isa = PBXGroup;
			children = (
				DFED9F021E452427000C1FBB /* HackerBooks */,
				DFED9F011E452427000C1FBB /* Products */,
			);
			sourceTree = "<group>";
		};
		DFED9F011E452427000C1FBB /* Products */ = {
			isa = PBXGroup;
			children = (
				DFED9F001E452427000C1FBB /* HackerBooks.app */,
			);
			name = Products;
			sourceTree = "<group>";
		};
		DFED9F021E452427000C1FBB /* HackerBooks */ = {
			isa = PBXGroup;
			children = (
				DFED9F181E452437000C1FBB /* Frameworks */,
				DFED9F191E452440000C1FBB /* App */,
				DFED9F031E452428000C1FBB /* AppDelegate.swift */,
				DFED9F051E452428000C1FBB /* ViewController.swift */,
				DFED9F071E452428000C1FBB /* Main.storyboard */,
				DFED9F0D1E452428000C1FBB /* Assets.xcassets */,
				DFED9F0F1E452428000C1FBB /* LaunchScreen.storyboard */,
				DFED9F121E452428000C1FBB /* Info.plist */,
				DFED9F0A1E452428000C1FBB /* HackerBooks.xcdatamodeld */,
			);
			path = HackerBooks;
			sourceTree = "<group>";
		};
		DFED9F181E452437000C1FBB /* Frameworks */ = {
			isa = PBXGroup;
			children = (
				DF21DD831E45E9CE002D547C /* FoundationExtensions.swift */,
				DF21DD851E460E73002D547C /* AsyncData.swift */,
				DF21DD861E460E73002D547C /* MultiDictionary.swift */,
			);
			name = Frameworks;
			sourceTree = "<group>";
		};
		DFED9F191E452440000C1FBB /* App */ = {
			isa = PBXGroup;
			children = (
				DFED9F1A1E452448000C1FBB /* Controllers */,
				DFED9F1C1E452458000C1FBB /* Models */,
				DFED9F1B1E452450000C1FBB /* Resources */,
			);
			name = App;
			sourceTree = "<group>";
		};
		DFED9F1A1E452448000C1FBB /* Controllers */ = {
			isa = PBXGroup;
			children = (
				DF21DD8E1E464312002D547C /* LibraryTableViewController.swift */,
				DF1D76B01E474831000947E3 /* BookViewController.swift */,
				DF1D76B11E474831000947E3 /* BookViewController.xib */,
			);
			name = Controllers;
			sourceTree = "<group>";
		};
		DFED9F1B1E452450000C1FBB /* Resources */ = {
			isa = PBXGroup;
			children = (
				DFED9F1D1E4524F3000C1FBB /* Icons */,
			);
			name = Resources;
			sourceTree = "<group>";
		};
		DFED9F1C1E452458000C1FBB /* Models */ = {
			isa = PBXGroup;
			children = (
				DF21DD7D1E45DB4F002D547C /* Books.swift */,
				DF21DD7F1E45E0B5002D547C /* Errors.swift */,
				DF21DD811E45E23F002D547C /* JSONProcessing.swift */,
				DF21DD891E460F8D002D547C /* Library.swift */,
				DF1D76B41E475989000947E3 /* Tag.swift */,
			);
			name = Models;
			sourceTree = "<group>";
		};
		DFED9F1D1E4524F3000C1FBB /* Icons */ = {
			isa = PBXGroup;
			children = (
				DF21DD941E46498D002D547C /* HackerBooks-BookIcon.png */,
				DF1D76B61E47AE1D000947E3 /* ic_favorite_2x.png */,
				DF1D76B71E47AE1D000947E3 /* ic_favorite_3x.png */,
				DF1D76B81E47AE1D000947E3 /* ic_favorite_border_2x.png */,
				DF1D76B91E47AE1D000947E3 /* ic_favorite_border_3x.png */,
				DF1D76BA1E47AE1D000947E3 /* ic_favorite_border.png */,
				DF1D76BB1E47AE1D000947E3 /* ic_favorite.png */,
			);
			name = Icons;
			sourceTree = "<group>";
		};
/* End PBXGroup section */

/* Begin PBXNativeTarget section */
		DFED9EFF1E452427000C1FBB /* HackerBooks */ = {
			isa = PBXNativeTarget;
			buildConfigurationList = DFED9F151E452428000C1FBB /* Build configuration list for PBXNativeTarget "HackerBooks" */;
			buildPhases = (
				DFED9EFC1E452427000C1FBB /* Sources */,
				DFED9EFD1E452427000C1FBB /* Frameworks */,
				DFED9EFE1E452427000C1FBB /* Resources */,
			);
			buildRules = (
			);
			dependencies = (
			);
			name = HackerBooks;
			productName = HackerBooks;
			productReference = DFED9F001E452427000C1FBB /* HackerBooks.app */;
			productType = "com.apple.product-type.application";
		};
/* End PBXNativeTarget section */

/* Begin PBXProject section */
		DFED9EF81E452427000C1FBB /* Project object */ = {
			isa = PBXProject;
			attributes = {
				LastSwiftUpdateCheck = 0820;
				LastUpgradeCheck = 0820;
				ORGANIZATIONNAME = "Jose Sanchez Rodriguez";
				TargetAttributes = {
					DFED9EFF1E452427000C1FBB = {
						CreatedOnToolsVersion = 8.2.1;
						DevelopmentTeam = 6RPGGVZM93;
						ProvisioningStyle = Automatic;
					};
				};
			};
			buildConfigurationList = DFED9EFB1E452427000C1FBB /* Build configuration list for PBXProject "HackerBooks" */;
			compatibilityVersion = "Xcode 3.2";
			developmentRegion = English;
			hasScannedForEncodings = 0;
			knownRegions = (
				en,
				Base,
			);
			mainGroup = DFED9EF71E452427000C1FBB;
			productRefGroup = DFED9F011E452427000C1FBB /* Products */;
			projectDirPath = "";
			projectRoot = "";
			targets = (
				DFED9EFF1E452427000C1FBB /* HackerBooks */,
			);
		};
/* End PBXProject section */

/* Begin PBXResourcesBuildPhase section */
		DFED9EFE1E452427000C1FBB /* Resources */ = {
			isa = PBXResourcesBuildPhase;
			buildActionMask = 2147483647;
			files = (
				DFED9F111E452428000C1FBB /* LaunchScreen.storyboard in Resources */,
				DF1D76B31E474831000947E3 /* BookViewController.xib in Resources */,
				DFED9F0E1E452428000C1FBB /* Assets.xcassets in Resources */,
				DF1D76C01E47AE1D000947E3 /* ic_favorite_border.png in Resources */,
				DF1D76BC1E47AE1D000947E3 /* ic_favorite_2x.png in Resources */,
				DF1D76BD1E47AE1D000947E3 /* ic_favorite_3x.png in Resources */,
				DF1D76BE1E47AE1D000947E3 /* ic_favorite_border_2x.png in Resources */,
				DF1D76C11E47AE1D000947E3 /* ic_favorite.png in Resources */,
				DF21DD951E46498D002D547C /* HackerBooks-BookIcon.png in Resources */,
				DF1D76BF1E47AE1D000947E3 /* ic_favorite_border_3x.png in Resources */,
				DFED9F091E452428000C1FBB /* Main.storyboard in Resources */,
			);
			runOnlyForDeploymentPostprocessing = 0;
		};
/* End PBXResourcesBuildPhase section */

/* Begin PBXSourcesBuildPhase section */
		DFED9EFC1E452427000C1FBB /* Sources */ = {
			isa = PBXSourcesBuildPhase;
			buildActionMask = 2147483647;
			files = (
				DF21DD841E45E9CE002D547C /* FoundationExtensions.swift in Sources */,
				DF21DD821E45E23F002D547C /* JSONProcessing.swift in Sources */,
				DF21DD871E460E73002D547C /* AsyncData.swift in Sources */,
				DF21DD7E1E45DB4F002D547C /* Books.swift in Sources */,
				DF21DD801E45E0B5002D547C /* Errors.swift in Sources */,
				DF21DD901E464312002D547C /* LibraryTableViewController.swift in Sources */,
				DFED9F061E452428000C1FBB /* ViewController.swift in Sources */,
				DFED9F0C1E452428000C1FBB /* HackerBooks.xcdatamodeld in Sources */,
				DF21DD8A1E460F8D002D547C /* Library.swift in Sources */,
				DF1D76B21E474831000947E3 /* BookViewController.swift in Sources */,
				DF21DD881E460E73002D547C /* MultiDictionary.swift in Sources */,
				DFED9F041E452428000C1FBB /* AppDelegate.swift in Sources */,
				DF1D76B51E475989000947E3 /* Tag.swift in Sources */,
			);
			runOnlyForDeploymentPostprocessing = 0;
		};
/* End PBXSourcesBuildPhase section */

/* Begin PBXVariantGroup section */
		DFED9F071E452428000C1FBB /* Main.storyboard */ = {
			isa = PBXVariantGroup;
			children = (
				DFED9F081E452428000C1FBB /* Base */,
			);
			name = Main.storyboard;
			sourceTree = "<group>";
		};
		DFED9F0F1E452428000C1FBB /* LaunchScreen.storyboard */ = {
			isa = PBXVariantGroup;
			children = (
				DFED9F101E452428000C1FBB /* Base */,
			);
			name = LaunchScreen.storyboard;
			sourceTree = "<group>";
		};
/* End PBXVariantGroup section */

/* Begin XCBuildConfiguration section */
		DFED9F131E452428000C1FBB /* Debug */ = {
			isa = XCBuildConfiguration;
			buildSettings = {
				ALWAYS_SEARCH_USER_PATHS = NO;
				CLANG_ANALYZER_NONNULL = YES;
				CLANG_CXX_LANGUAGE_STANDARD = "gnu++0x";
				CLANG_CXX_LIBRARY = "libc++";
				CLANG_ENABLE_MODULES = YES;
				CLANG_ENABLE_OBJC_ARC = YES;
				CLANG_WARN_BOOL_CONVERSION = YES;
				CLANG_WARN_CONSTANT_CONVERSION = YES;
				CLANG_WARN_DIRECT_OBJC_ISA_USAGE = YES_ERROR;
				CLANG_WARN_DOCUMENTATION_COMMENTS = YES;
				CLANG_WARN_EMPTY_BODY = YES;
				CLANG_WARN_ENUM_CONVERSION = YES;
				CLANG_WARN_INFINITE_RECURSION = YES;
				CLANG_WARN_INT_CONVERSION = YES;
				CLANG_WARN_OBJC_ROOT_CLASS = YES_ERROR;
				CLANG_WARN_SUSPICIOUS_MOVE = YES;
				CLANG_WARN_UNREACHABLE_CODE = YES;
				CLANG_WARN__DUPLICATE_METHOD_MATCH = YES;
				"CODE_SIGN_IDENTITY[sdk=iphoneos*]" = "iPhone Developer";
				COPY_PHASE_STRIP = NO;
				DEBUG_INFORMATION_FORMAT = dwarf;
				ENABLE_STRICT_OBJC_MSGSEND = YES;
				ENABLE_TESTABILITY = YES;
				GCC_C_LANGUAGE_STANDARD = gnu99;
				GCC_DYNAMIC_NO_PIC = NO;
				GCC_NO_COMMON_BLOCKS = YES;
				GCC_OPTIMIZATION_LEVEL = 0;
				GCC_PREPROCESSOR_DEFINITIONS = (
					"DEBUG=1",
					"$(inherited)",
				);
				GCC_WARN_64_TO_32_BIT_CONVERSION = YES;
				GCC_WARN_ABOUT_RETURN_TYPE = YES_ERROR;
				GCC_WARN_UNDECLARED_SELECTOR = YES;
				GCC_WARN_UNINITIALIZED_AUTOS = YES_AGGRESSIVE;
				GCC_WARN_UNUSED_FUNCTION = YES;
				GCC_WARN_UNUSED_VARIABLE = YES;
				IPHONEOS_DEPLOYMENT_TARGET = 10.2;
				MTL_ENABLE_DEBUG_INFO = YES;
				ONLY_ACTIVE_ARCH = YES;
				SDKROOT = iphoneos;
				SWIFT_ACTIVE_COMPILATION_CONDITIONS = DEBUG;
				SWIFT_OPTIMIZATION_LEVEL = "-Onone";
			};
			name = Debug;
		};
		DFED9F141E452428000C1FBB /* Release */ = {
			isa = XCBuildConfiguration;
			buildSettings = {
				ALWAYS_SEARCH_USER_PATHS = NO;
				CLANG_ANALYZER_NONNULL = YES;
				CLANG_CXX_LANGUAGE_STANDARD = "gnu++0x";
				CLANG_CXX_LIBRARY = "libc++";
				CLANG_ENABLE_MODULES = YES;
				CLANG_ENABLE_OBJC_ARC = YES;
				CLANG_WARN_BOOL_CONVERSION = YES;
				CLANG_WARN_CONSTANT_CONVERSION = YES;
				CLANG_WARN_DIRECT_OBJC_ISA_USAGE = YES_ERROR;
				CLANG_WARN_DOCUMENTATION_COMMENTS = YES;
				CLANG_WARN_EMPTY_BODY = YES;
				CLANG_WARN_ENUM_CONVERSION = YES;
				CLANG_WARN_INFINITE_RECURSION = YES;
				CLANG_WARN_INT_CONVERSION = YES;
				CLANG_WARN_OBJC_ROOT_CLASS = YES_ERROR;
				CLANG_WARN_SUSPICIOUS_MOVE = YES;
				CLANG_WARN_UNREACHABLE_CODE = YES;
				CLANG_WARN__DUPLICATE_METHOD_MATCH = YES;
				"CODE_SIGN_IDENTITY[sdk=iphoneos*]" = "iPhone Developer";
				COPY_PHASE_STRIP = NO;
				DEBUG_INFORMATION_FORMAT = "dwarf-with-dsym";
				ENABLE_NS_ASSERTIONS = NO;
				ENABLE_STRICT_OBJC_MSGSEND = YES;
				GCC_C_LANGUAGE_STANDARD = gnu99;
				GCC_NO_COMMON_BLOCKS = YES;
				GCC_WARN_64_TO_32_BIT_CONVERSION = YES;
				GCC_WARN_ABOUT_RETURN_TYPE = YES_ERROR;
				GCC_WARN_UNDECLARED_SELECTOR = YES;
				GCC_WARN_UNINITIALIZED_AUTOS = YES_AGGRESSIVE;
				GCC_WARN_UNUSED_FUNCTION = YES;
				GCC_WARN_UNUSED_VARIABLE = YES;
				IPHONEOS_DEPLOYMENT_TARGET = 10.2;
				MTL_ENABLE_DEBUG_INFO = NO;
				SDKROOT = iphoneos;
				SWIFT_OPTIMIZATION_LEVEL = "-Owholemodule";
				VALIDATE_PRODUCT = YES;
			};
			name = Release;
		};
		DFED9F161E452428000C1FBB /* Debug */ = {
			isa = XCBuildConfiguration;
			buildSettings = {
				ASSETCATALOG_COMPILER_APPICON_NAME = AppIcon;
				DEVELOPMENT_TEAM = 6RPGGVZM93;
				INFOPLIST_FILE = HackerBooks/Info.plist;
				LD_RUNPATH_SEARCH_PATHS = "$(inherited) @executable_path/Frameworks";
				PRODUCT_BUNDLE_IDENTIFIER = JoseJacin.HackerBooks;
				PRODUCT_NAME = "$(TARGET_NAME)";
				SWIFT_VERSION = 3.0;
			};
			name = Debug;
		};
		DFED9F171E452428000C1FBB /* Release */ = {
			isa = XCBuildConfiguration;
			buildSettings = {
				ASSETCATALOG_COMPILER_APPICON_NAME = AppIcon;
				DEVELOPMENT_TEAM = 6RPGGVZM93;
				INFOPLIST_FILE = HackerBooks/Info.plist;
				LD_RUNPATH_SEARCH_PATHS = "$(inherited) @executable_path/Frameworks";
				PRODUCT_BUNDLE_IDENTIFIER = JoseJacin.HackerBooks;
				PRODUCT_NAME = "$(TARGET_NAME)";
				SWIFT_VERSION = 3.0;
			};
			name = Release;
		};
/* End XCBuildConfiguration section */

/* Begin XCConfigurationList section */
		DFED9EFB1E452427000C1FBB /* Build configuration list for PBXProject "HackerBooks" */ = {
			isa = XCConfigurationList;
			buildConfigurations = (
				DFED9F131E452428000C1FBB /* Debug */,
				DFED9F141E452428000C1FBB /* Release */,
			);
			defaultConfigurationIsVisible = 0;
			defaultConfigurationName = Release;
		};
		DFED9F151E452428000C1FBB /* Build configuration list for PBXNativeTarget "HackerBooks" */ = {
			isa = XCConfigurationList;
			buildConfigurations = (
				DFED9F161E452428000C1FBB /* Debug */,
				DFED9F171E452428000C1FBB /* Release */,
			);
			defaultConfigurationIsVisible = 0;
			defaultConfigurationName = Release;
		};
/* End XCConfigurationList section */

/* Begin XCVersionGroup section */
		DFED9F0A1E452428000C1FBB /* HackerBooks.xcdatamodeld */ = {
			isa = XCVersionGroup;
			children = (
				DFED9F0B1E452428000C1FBB /* HackerBooks.xcdatamodel */,
			);
			currentVersion = DFED9F0B1E452428000C1FBB /* HackerBooks.xcdatamodel */;
			path = HackerBooks.xcdatamodeld;
			sourceTree = "<group>";
			versionGroupType = wrapper.xcdatamodel;
		};
/* End XCVersionGroup section */
	};
	rootObject = DFED9EF81E452427000C1FBB /* Project object */;
}
